
Microsoft Visual Studio Solution File, Format Version 12.00
# Visual Studio Version 17
VisualStudioVersion = 17.0.31903.59
MinimumVisualStudioVersion = 10.0.40219.1
Project("{2150E333-8FDC-42A3-9474-1A3956D46DE8}") = "src", "src", "{827E0CD3-B72D-47B6-A68D-7590B98EB39B}"
EndProject
Project("{FAE04EC0-301F-11D3-BF4B-00C04F79EFBC}") = "Shopping.Domain", "src\Shopping.Domain\Shopping.Domain.csproj", "{C787943C-AA92-4004-88BF-9C616F56E6B5}"
EndProject
Project("{FAE04EC0-301F-11D3-BF4B-00C04F79EFBC}") = "Shopping.Application", "src\Shopping.Application\Shopping.Application.csproj", "{9B8600B7-12BA-4223-A251-68D76CDC7A60}"
EndProject
Project("{FAE04EC0-301F-11D3-BF4B-00C04F79EFBC}") = "Shopping.Infrastructure", "src\Shopping.Infrastructure\Shopping.Infrastructure.csproj", "{6239405C-ED42-4CFC-BD44-F4AD4F42033A}"
EndProject
Project("{FAE04EC0-301F-11D3-BF4B-00C04F79EFBC}") = "Shopping.ConsoleUI", "src\Shopping.ConsoleUI\Shopping.ConsoleUI.csproj", "{B1828C29-DDF3-439A-96BE-41462122FEA6}"
EndProject
Global
	GlobalSection(SolutionConfigurationPlatforms) = preSolution
		Debug|Any CPU = Debug|Any CPU
		Debug|x64 = Debug|x64
		Debug|x86 = Debug|x86
		Release|Any CPU = Release|Any CPU
		Release|x64 = Release|x64
		Release|x86 = Release|x86
	EndGlobalSection
	GlobalSection(ProjectConfigurationPlatforms) = postSolution
		{C787943C-AA92-4004-88BF-9C616F56E6B5}.Debug|Any CPU.ActiveCfg = Debug|Any CPU
		{C787943C-AA92-4004-88BF-9C616F56E6B5}.Debug|Any CPU.Build.0 = Debug|Any CPU
		{C787943C-AA92-4004-88BF-9C616F56E6B5}.Debug|x64.ActiveCfg = Debug|Any CPU
		{C787943C-AA92-4004-88BF-9C616F56E6B5}.Debug|x64.Build.0 = Debug|Any CPU
		{C787943C-AA92-4004-88BF-9C616F56E6B5}.Debug|x86.ActiveCfg = Debug|Any CPU
		{C787943C-AA92-4004-88BF-9C616F56E6B5}.Debug|x86.Build.0 = Debug|Any CPU
		{C787943C-AA92-4004-88BF-9C616F56E6B5}.Release|Any CPU.ActiveCfg = Release|Any CPU
		{C787943C-AA92-4004-88BF-9C616F56E6B5}.Release|Any CPU.Build.0 = Release|Any CPU
		{C787943C-AA92-4004-88BF-9C616F56E6B5}.Release|x64.ActiveCfg = Release|Any CPU
		{C787943C-AA92-4004-88BF-9C616F56E6B5}.Release|x64.Build.0 = Release|Any CPU
		{C787943C-AA92-4004-88BF-9C616F56E6B5}.Release|x86.ActiveCfg = Release|Any CPU
		{C787943C-AA92-4004-88BF-9C616F56E6B5}.Release|x86.Build.0 = Release|Any CPU
		{9B8600B7-12BA-4223-A251-68D76CDC7A60}.Debug|Any CPU.ActiveCfg = Debug|Any CPU
		{9B8600B7-12BA-4223-A251-68D76CDC7A60}.Debug|Any CPU.Build.0 = Debug|Any CPU
		{9B8600B7-12BA-4223-A251-68D76CDC7A60}.Debug|x64.ActiveCfg = Debug|Any CPU
		{9B8600B7-12BA-4223-A251-68D76CDC7A60}.Debug|x64.Build.0 = Debug|Any CPU
		{9B8600B7-12BA-4223-A251-68D76CDC7A60}.Debug|x86.ActiveCfg = Debug|Any CPU
		{9B8600B7-12BA-4223-A251-68D76CDC7A60}.Debug|x86.Build.0 = Debug|Any CPU
		{9B8600B7-12BA-4223-A251-68D76CDC7A60}.Release|Any CPU.ActiveCfg = Release|Any CPU
		{9B8600B7-12BA-4223-A251-68D76CDC7A60}.Release|Any CPU.Build.0 = Release|Any CPU
		{9B8600B7-12BA-4223-A251-68D76CDC7A60}.Release|x64.ActiveCfg = Release|Any CPU
		{9B8600B7-12BA-4223-A251-68D76CDC7A60}.Release|x64.Build.0 = Release|Any CPU
		{9B8600B7-12BA-4223-A251-68D76CDC7A60}.Release|x86.ActiveCfg = Release|Any CPU
		{9B8600B7-12BA-4223-A251-68D76CDC7A60}.Release|x86.Build.0 = Release|Any CPU
		{6239405C-ED42-4CFC-BD44-F4AD4F42033A}.Debug|Any CPU.ActiveCfg = Debug|Any CPU
		{6239405C-ED42-4CFC-BD44-F4AD4F42033A}.Debug|Any CPU.Build.0 = Debug|Any CPU
		{6239405C-ED42-4CFC-BD44-F4AD4F42033A}.Debug|x64.ActiveCfg = Debug|Any CPU
		{6239405C-ED42-4CFC-BD44-F4AD4F42033A}.Debug|x64.Build.0 = Debug|Any CPU
		{6239405C-ED42-4CFC-BD44-F4AD4F42033A}.Debug|x86.ActiveCfg = Debug|Any CPU
		{6239405C-ED42-4CFC-BD44-F4AD4F42033A}.Debug|x86.Build.0 = Debug|Any CPU
		{6239405C-ED42-4CFC-BD44-F4AD4F42033A}.Release|Any CPU.ActiveCfg = Release|Any CPU
		{6239405C-ED42-4CFC-BD44-F4AD4F42033A}.Release|Any CPU.Build.0 = Release|Any CPU
		{6239405C-ED42-4CFC-BD44-F4AD4F42033A}.Release|x64.ActiveCfg = Release|Any CPU
		{6239405C-ED42-4CFC-BD44-F4AD4F42033A}.Release|x64.Build.0 = Release|Any CPU
		{6239405C-ED42-4CFC-BD44-F4AD4F42033A}.Release|x86.ActiveCfg = Release|Any CPU
		{6239405C-ED42-4CFC-BD44-F4AD4F42033A}.Release|x86.Build.0 = Release|Any CPU
		{B1828C29-DDF3-439A-96BE-41462122FEA6}.Debug|Any CPU.ActiveCfg = Debug|Any CPU
		{B1828C29-DDF3-439A-96BE-41462122FEA6}.Debug|Any CPU.Build.0 = Debug|Any CPU
		{B1828C29-DDF3-439A-96BE-41462122FEA6}.Debug|x64.ActiveCfg = Debug|Any CPU
		{B1828C29-DDF3-439A-96BE-41462122FEA6}.Debug|x64.Build.0 = Debug|Any CPU
		{B1828C29-DDF3-439A-96BE-41462122FEA6}.Debug|x86.ActiveCfg = Debug|Any CPU
		{B1828C29-DDF3-439A-96BE-41462122FEA6}.Debug|x86.Build.0 = Debug|Any CPU
		{B1828C29-DDF3-439A-96BE-41462122FEA6}.Release|Any CPU.ActiveCfg = Release|Any CPU
		{B1828C29-DDF3-439A-96BE-41462122FEA6}.Release|Any CPU.Build.0 = Release|Any CPU
		{B1828C29-DDF3-439A-96BE-41462122FEA6}.Release|x64.ActiveCfg = Release|Any CPU
		{B1828C29-DDF3-439A-96BE-41462122FEA6}.Release|x64.Build.0 = Release|Any CPU
		{B1828C29-DDF3-439A-96BE-41462122FEA6}.Release|x86.ActiveCfg = Release|Any CPU
		{B1828C29-DDF3-439A-96BE-41462122FEA6}.Release|x86.Build.0 = Release|Any CPU
	EndGlobalSection
	GlobalSection(SolutionProperties) = preSolution
		HideSolutionNode = FALSE
	EndGlobalSection
	GlobalSection(NestedProjects) = preSolution
		{C787943C-AA92-4004-88BF-9C616F56E6B5} = {827E0CD3-B72D-47B6-A68D-7590B98EB39B}
		{9B8600B7-12BA-4223-A251-68D76CDC7A60} = {827E0CD3-B72D-47B6-A68D-7590B98EB39B}
		{6239405C-ED42-4CFC-BD44-F4AD4F42033A} = {827E0CD3-B72D-47B6-A68D-7590B98EB39B}
		{B1828C29-DDF3-439A-96BE-41462122FEA6} = {827E0CD3-B72D-47B6-A68D-7590B98EB39B}
	EndGlobalSection
EndGlobal
